
Microsoft Visual Studio Solution File, Format Version 12.00
# Visual Studio Version 17
VisualStudioVersion = 17.14.36121.58 d17.14
MinimumVisualStudioVersion = 10.0.40219.1
Project("{FAE04EC0-301F-11D3-BF4B-00C04F79EFBC}") = "UserAUTH", "UserAUTH\UserAUTH.csproj", "{E6CBD794-C118-4479-AE7E-4291E19BC397}"
EndProject
Global
	GlobalSection(SolutionConfigurationPlatforms) = preSolution
		Debug|Any CPU = Debug|Any CPU
		Release|Any CPU = Release|Any CPU
	EndGlobalSection
	GlobalSection(ProjectConfigurationPlatforms) = postSolution
		{E6CBD794-C118-4479-AE7E-4291E19BC397}.Debug|Any CPU.ActiveCfg = Debug|Any CPU
		{E6CBD794-C118-4479-AE7E-4291E19BC397}.Debug|Any CPU.Build.0 = Debug|Any CPU
		{E6CBD794-C118-4479-AE7E-4291E19BC397}.Release|Any CPU.ActiveCfg = Release|Any CPU
		{E6CBD794-C118-4479-AE7E-4291E19BC397}.Release|Any CPU.Build.0 = Release|Any CPU
	EndGlobalSection
	GlobalSection(SolutionProperties) = preSolution
		HideSolutionNode = FALSE
	EndGlobalSection
	GlobalSection(ExtensibilityGlobals) = postSolution
		SolutionGuid = {279AD810-CBC8-4042-BD02-14CFFEFF03AC}
	EndGlobalSection
EndGlobal
